
Microsoft Visual Studio Solution File, Format Version 12.00
# Visual Studio Version 16
VisualStudioVersion = 16.0.32802.440
MinimumVisualStudioVersion = 10.0.40219.1
Project("{FAE04EC0-301F-11D3-BF4B-00C04F79EFBC}") = "PictureWindow", "PictureWindow\PictureWindow\PictureWindow.csproj", "{F01E35A1-4F76-4D94-BF10-341EC74C4A8B}"
EndProject
Project("{96E2B04D-8817-42C6-938A-82C39BA4D311}") = "PictureWindowContent", "PictureWindow\PictureWindowContent\PictureWindowContent.contentproj", "{8D219BA4-04EE-4130-94F2-DC4D488511ED}"
EndProject
Global
	GlobalSection(SolutionConfigurationPlatforms) = preSolution
		Debug|x86 = Debug|x86
		Release|x86 = Release|x86
	EndGlobalSection
	GlobalSection(ProjectConfigurationPlatforms) = postSolution
		{F01E35A1-4F76-4D94-BF10-341EC74C4A8B}.Debug|x86.ActiveCfg = Debug|x86
		{F01E35A1-4F76-4D94-BF10-341EC74C4A8B}.Debug|x86.Build.0 = Debug|x86
		{F01E35A1-4F76-4D94-BF10-341EC74C4A8B}.Release|x86.ActiveCfg = Release|x86
		{F01E35A1-4F76-4D94-BF10-341EC74C4A8B}.Release|x86.Build.0 = Release|x86
		{8D219BA4-04EE-4130-94F2-DC4D488511ED}.Debug|x86.ActiveCfg = Debug|x86
		{8D219BA4-04EE-4130-94F2-DC4D488511ED}.Release|x86.ActiveCfg = Release|x86
	EndGlobalSection
	GlobalSection(SolutionProperties) = preSolution
		HideSolutionNode = FALSE
	EndGlobalSection
	GlobalSection(ExtensibilityGlobals) = postSolution
		SolutionGuid = {96ECE897-D373-4E59-979E-FB0735D1E72B}
	EndGlobalSection
EndGlobal
